
Microsoft Visual Studio Solution File, Format Version 12.00
# Visual Studio Version 17
VisualStudioVersion = 17.4.33205.214
MinimumVisualStudioVersion = 10.0.40219.1
Project("{FAE04EC0-301F-11D3-BF4B-00C04F79EFBC}") = "QL-TTB2", "QL-TTB2\QL-TTB2.csproj", "{9369EEEC-384C-4E0F-B072-8FD57F27BE27}"
EndProject
Global
	GlobalSection(SolutionConfigurationPlatforms) = preSolution
		Debug|Any CPU = Debug|Any CPU
		Release|Any CPU = Release|Any CPU
	EndGlobalSection
	GlobalSection(ProjectConfigurationPlatforms) = postSolution
		{9369EEEC-384C-4E0F-B072-8FD57F27BE27}.Debug|Any CPU.ActiveCfg = Debug|Any CPU
		{9369EEEC-384C-4E0F-B072-8FD57F27BE27}.Debug|Any CPU.Build.0 = Debug|Any CPU
		{9369EEEC-384C-4E0F-B072-8FD57F27BE27}.Release|Any CPU.ActiveCfg = Release|Any CPU
		{9369EEEC-384C-4E0F-B072-8FD57F27BE27}.Release|Any CPU.Build.0 = Release|Any CPU
	EndGlobalSection
	GlobalSection(SolutionProperties) = preSolution
		HideSolutionNode = FALSE
	EndGlobalSection
	GlobalSection(ExtensibilityGlobals) = postSolution
		SolutionGuid = {4327B460-DE2E-43AB-893D-CC5AC2BA8AF1}
	EndGlobalSection
EndGlobal
